
Microsoft Visual Studio Solution File, Format Version 12.00
# Visual Studio Version 17
VisualStudioVersion = 17.0.31919.166
MinimumVisualStudioVersion = 10.0.40219.1
Project("{9A19103F-16F7-4668-BE54-9A1E7A4F7556}") = "Agencia1", "Agencia1.csproj", "{C3D2981D-B6EA-48D7-BB8D-1AB6C00E4948}"
EndProject
Global
	GlobalSection(SolutionConfigurationPlatforms) = preSolution
		Debug|Any CPU = Debug|Any CPU
		Release|Any CPU = Release|Any CPU
	EndGlobalSection
	GlobalSection(ProjectConfigurationPlatforms) = postSolution
		{C3D2981D-B6EA-48D7-BB8D-1AB6C00E4948}.Debug|Any CPU.ActiveCfg = Debug|Any CPU
		{C3D2981D-B6EA-48D7-BB8D-1AB6C00E4948}.Debug|Any CPU.Build.0 = Debug|Any CPU
		{C3D2981D-B6EA-48D7-BB8D-1AB6C00E4948}.Release|Any CPU.ActiveCfg = Release|Any CPU
		{C3D2981D-B6EA-48D7-BB8D-1AB6C00E4948}.Release|Any CPU.Build.0 = Release|Any CPU
	EndGlobalSection
	GlobalSection(SolutionProperties) = preSolution
		HideSolutionNode = FALSE
	EndGlobalSection
	GlobalSection(ExtensibilityGlobals) = postSolution
		SolutionGuid = {E2164C49-5E94-48F6-AA24-C6A590A24310}
	EndGlobalSection
EndGlobal
